// !$*UTF8*$!
{
	archiveVersion = 1;
	classes = {
	};
	objectVersion = 48;
	objects = {

/* Begin PBXBuildFile section */
		ABA4B2601FD7C97700C72C96 /* AppDelegate.swift in Sources */ = {isa = PBXBuildFile; fileRef = ABA4B25F1FD7C97700C72C96 /* AppDelegate.swift */; };
		ABA4B2621FD7C97700C72C96 /* ViewController.swift in Sources */ = {isa = PBXBuildFile; fileRef = ABA4B2611FD7C97700C72C96 /* ViewController.swift */; };
		ABA4B2651FD7C97700C72C96 /* Main.storyboard in Resources */ = {isa = PBXBuildFile; fileRef = ABA4B2631FD7C97700C72C96 /* Main.storyboard */; };
		ABA4B2671FD7C97700C72C96 /* Assets.xcassets in Resources */ = {isa = PBXBuildFile; fileRef = ABA4B2661FD7C97700C72C96 /* Assets.xcassets */; };
		ABA4B26A1FD7C97700C72C96 /* LaunchScreen.storyboard in Resources */ = {isa = PBXBuildFile; fileRef = ABA4B2681FD7C97700C72C96 /* LaunchScreen.storyboard */; };
		ABA4B2751FD7C97700C72C96 /* SwipeMenuBugDemoTests.swift in Sources */ = {isa = PBXBuildFile; fileRef = ABA4B2741FD7C97700C72C96 /* SwipeMenuBugDemoTests.swift */; };
		ABA4B2801FD7C97700C72C96 /* SwipeMenuBugDemoUITests.swift in Sources */ = {isa = PBXBuildFile; fileRef = ABA4B27F1FD7C97700C72C96 /* SwipeMenuBugDemoUITests.swift */; };
/* End PBXBuildFile section */

/* Begin PBXContainerItemProxy section */
		ABA4B2711FD7C97700C72C96 /* PBXContainerItemProxy */ = {
			isa = PBXContainerItemProxy;
			containerPortal = ABA4B2541FD7C97700C72C96 /* Project object */;
			proxyType = 1;
			remoteGlobalIDString = ABA4B25B1FD7C97700C72C96;
			remoteInfo = SwipeMenuBugDemo;
		};
		ABA4B27C1FD7C97700C72C96 /* PBXContainerItemProxy */ = {
			isa = PBXContainerItemProxy;
			containerPortal = ABA4B2541FD7C97700C72C96 /* Project object */;
			proxyType = 1;
			remoteGlobalIDString = ABA4B25B1FD7C97700C72C96;
			remoteInfo = SwipeMenuBugDemo;
		};
/* End PBXContainerItemProxy section */

/* Begin PBXFileReference section */
		ABA4B25C1FD7C97700C72C96 /* SwipeMenuBugDemo.app */ = {isa = PBXFileReference; explicitFileType = wrapper.application; includeInIndex = 0; path = SwipeMenuBugDemo.app; sourceTree = BUILT_PRODUCTS_DIR; };
		ABA4B25F1FD7C97700C72C96 /* AppDelegate.swift */ = {isa = PBXFileReference; lastKnownFileType = sourcecode.swift; path = AppDelegate.swift; sourceTree = "<group>"; };
		ABA4B2611FD7C97700C72C96 /* ViewController.swift */ = {isa = PBXFileReference; lastKnownFileType = sourcecode.swift; path = ViewController.swift; sourceTree = "<group>"; };
		ABA4B2641FD7C97700C72C96 /* Base */ = {isa = PBXFileReference; lastKnownFileType = file.storyboard; name = Base; path = Base.lproj/Main.storyboard; sourceTree = "<group>"; };
		ABA4B2661FD7C97700C72C96 /* Assets.xcassets */ = {isa = PBXFileReference; lastKnownFileType = folder.assetcatalog; path = Assets.xcassets; sourceTree = "<group>"; };
		ABA4B2691FD7C97700C72C96 /* Base */ = {isa = PBXFileReference; lastKnownFileType = file.storyboard; name = Base; path = Base.lproj/LaunchScreen.storyboard; sourceTree = "<group>"; };
		ABA4B26B1FD7C97700C72C96 /* Info.plist */ = {isa = PBXFileReference; lastKnownFileType = text.plist.xml; path = Info.plist; sourceTree = "<group>"; };
		ABA4B2701FD7C97700C72C96 /* SwipeMenuBugDemoTests.xctest */ = {isa = PBXFileReference; explicitFileType = wrapper.cfbundle; includeInIndex = 0; path = SwipeMenuBugDemoTests.xctest; sourceTree = BUILT_PRODUCTS_DIR; };
		ABA4B2741FD7C97700C72C96 /* SwipeMenuBugDemoTests.swift */ = {isa = PBXFileReference; lastKnownFileType = sourcecode.swift; path = SwipeMenuBugDemoTests.swift; sourceTree = "<group>"; };
		ABA4B2761FD7C97700C72C96 /* Info.plist */ = {isa = PBXFileReference; lastKnownFileType = text.plist.xml; path = Info.plist; sourceTree = "<group>"; };
		ABA4B27B1FD7C97700C72C96 /* SwipeMenuBugDemoUITests.xctest */ = {isa = PBXFileReference; explicitFileType = wrapper.cfbundle; includeInIndex = 0; path = SwipeMenuBugDemoUITests.xctest; sourceTree = BUILT_PRODUCTS_DIR; };
		ABA4B27F1FD7C97700C72C96 /* SwipeMenuBugDemoUITests.swift */ = {isa = PBXFileReference; lastKnownFileType = sourcecode.swift; path = SwipeMenuBugDemoUITests.swift; sourceTree = "<group>"; };
		ABA4B2811FD7C97700C72C96 /* Info.plist */ = {isa = PBXFileReference; lastKnownFileType = text.plist.xml; path = Info.plist; sourceTree = "<group>"; };
/* End PBXFileReference section */

/* Begin PBXFrameworksBuildPhase section */
		ABA4B2591FD7C97700C72C96 /* Frameworks */ = {
			isa = PBXFrameworksBuildPhase;
			buildActionMask = 2147483647;
			files = (
			);
			runOnlyForDeploymentPostprocessing = 0;
		};
		ABA4B26D1FD7C97700C72C96 /* Frameworks */ = {
			isa = PBXFrameworksBuildPhase;
			buildActionMask = 2147483647;
			files = (
			);
			runOnlyForDeploymentPostprocessing = 0;
		};
		ABA4B2781FD7C97700C72C96 /* Frameworks */ = {
			isa = PBXFrameworksBuildPhase;
			buildActionMask = 2147483647;
			files = (
			);
			runOnlyForDeploymentPostprocessing = 0;
		};
/* End PBXFrameworksBuildPhase section */

/* Begin PBXGroup section */
		ABA4B2531FD7C97700C72C96 = {
			isa = PBXGroup;
			children = (
				ABA4B25E1FD7C97700C72C96 /* SwipeMenuBugDemo */,
				ABA4B2731FD7C97700C72C96 /* SwipeMenuBugDemoTests */,
				ABA4B27E1FD7C97700C72C96 /* SwipeMenuBugDemoUITests */,
				ABA4B25D1FD7C97700C72C96 /* Products */,
			);
			sourceTree = "<group>";
		};
		ABA4B25D1FD7C97700C72C96 /* Products */ = {
			isa = PBXGroup;
			children = (
				ABA4B25C1FD7C97700C72C96 /* SwipeMenuBugDemo.app */,
				ABA4B2701FD7C97700C72C96 /* SwipeMenuBugDemoTests.xctest */,
				ABA4B27B1FD7C97700C72C96 /* SwipeMenuBugDemoUITests.xctest */,
			);
			name = Products;
			sourceTree = "<group>";
		};
		ABA4B25E1FD7C97700C72C96 /* SwipeMenuBugDemo */ = {
			isa = PBXGroup;
			children = (
				ABA4B25F1FD7C97700C72C96 /* AppDelegate.swift */,
				ABA4B2611FD7C97700C72C96 /* ViewController.swift */,
				ABA4B2631FD7C97700C72C96 /* Main.storyboard */,
				ABA4B2661FD7C97700C72C96 /* Assets.xcassets */,
				ABA4B2681FD7C97700C72C96 /* LaunchScreen.storyboard */,
				ABA4B26B1FD7C97700C72C96 /* Info.plist */,
			);
			path = SwipeMenuBugDemo;
			sourceTree = "<group>";
		};
		ABA4B2731FD7C97700C72C96 /* SwipeMenuBugDemoTests */ = {
			isa = PBXGroup;
			children = (
				ABA4B2741FD7C97700C72C96 /* SwipeMenuBugDemoTests.swift */,
				ABA4B2761FD7C97700C72C96 /* Info.plist */,
			);
			path = SwipeMenuBugDemoTests;
			sourceTree = "<group>";
		};
		ABA4B27E1FD7C97700C72C96 /* SwipeMenuBugDemoUITests */ = {
			isa = PBXGroup;
			children = (
				ABA4B27F1FD7C97700C72C96 /* SwipeMenuBugDemoUITests.swift */,
				ABA4B2811FD7C97700C72C96 /* Info.plist */,
			);
			path = SwipeMenuBugDemoUITests;
			sourceTree = "<group>";
		};
/* End PBXGroup section */

/* Begin PBXNativeTarget section */
		ABA4B25B1FD7C97700C72C96 /* SwipeMenuBugDemo */ = {
			isa = PBXNativeTarget;
			buildConfigurationList = ABA4B2841FD7C97700C72C96 /* Build configuration list for PBXNativeTarget "SwipeMenuBugDemo" */;
			buildPhases = (
				ABA4B2581FD7C97700C72C96 /* Sources */,
				ABA4B2591FD7C97700C72C96 /* Frameworks */,
				ABA4B25A1FD7C97700C72C96 /* Resources */,
			);
			buildRules = (
			);
			dependencies = (
			);
			name = SwipeMenuBugDemo;
			productName = SwipeMenuBugDemo;
			productReference = ABA4B25C1FD7C97700C72C96 /* SwipeMenuBugDemo.app */;
			productType = "com.apple.product-type.application";
		};
		ABA4B26F1FD7C97700C72C96 /* SwipeMenuBugDemoTests */ = {
			isa = PBXNativeTarget;
			buildConfigurationList = ABA4B2871FD7C97700C72C96 /* Build configuration list for PBXNativeTarget "SwipeMenuBugDemoTests" */;
			buildPhases = (
				ABA4B26C1FD7C97700C72C96 /* Sources */,
				ABA4B26D1FD7C97700C72C96 /* Frameworks */,
				ABA4B26E1FD7C97700C72C96 /* Resources */,
			);
			buildRules = (
			);
			dependencies = (
				ABA4B2721FD7C97700C72C96 /* PBXTargetDependency */,
			);
			name = SwipeMenuBugDemoTests;
			productName = SwipeMenuBugDemoTests;
			productReference = ABA4B2701FD7C97700C72C96 /* SwipeMenuBugDemoTests.xctest */;
			productType = "com.apple.product-type.bundle.unit-test";
		};
		ABA4B27A1FD7C97700C72C96 /* SwipeMenuBugDemoUITests */ = {
			isa = PBXNativeTarget;
			buildConfigurationList = ABA4B28A1FD7C97700C72C96 /* Build configuration list for PBXNativeTarget "SwipeMenuBugDemoUITests" */;
			buildPhases = (
				ABA4B2771FD7C97700C72C96 /* Sources */,
				ABA4B2781FD7C97700C72C96 /* Frameworks */,
				ABA4B2791FD7C97700C72C96 /* Resources */,
			);
			buildRules = (
			);
			dependencies = (
				ABA4B27D1FD7C97700C72C96 /* PBXTargetDependency */,
			);
			name = SwipeMenuBugDemoUITests;
			productName = SwipeMenuBugDemoUITests;
			productReference = ABA4B27B1FD7C97700C72C96 /* SwipeMenuBugDemoUITests.xctest */;
			productType = "com.apple.product-type.bundle.ui-testing";
		};
/* End PBXNativeTarget section */

/* Begin PBXProject section */
		ABA4B2541FD7C97700C72C96 /* Project object */ = {
			isa = PBXProject;
			attributes = {
				LastSwiftUpdateCheck = 0910;
				LastUpgradeCheck = 0910;
				ORGANIZATIONNAME = "Varun Naharia";
				TargetAttributes = {
					ABA4B25B1FD7C97700C72C96 = {
						CreatedOnToolsVersion = 9.1;
						ProvisioningStyle = Automatic;
					};
					ABA4B26F1FD7C97700C72C96 = {
						CreatedOnToolsVersion = 9.1;
						ProvisioningStyle = Automatic;
						TestTargetID = ABA4B25B1FD7C97700C72C96;
					};
					ABA4B27A1FD7C97700C72C96 = {
						CreatedOnToolsVersion = 9.1;
						ProvisioningStyle = Automatic;
						TestTargetID = ABA4B25B1FD7C97700C72C96;
					};
				};
			};
			buildConfigurationList = ABA4B2571FD7C97700C72C96 /* Build configuration list for PBXProject "SwipeMenuBugDemo" */;
			compatibilityVersion = "Xcode 8.0";
			developmentRegion = en;
			hasScannedForEncodings = 0;
			knownRegions = (
				en,
				Base,
			);
			mainGroup = ABA4B2531FD7C97700C72C96;
			productRefGroup = ABA4B25D1FD7C97700C72C96 /* Products */;
			projectDirPath = "";
			projectRoot = "";
			targets = (
				ABA4B25B1FD7C97700C72C96 /* SwipeMenuBugDemo */,
				ABA4B26F1FD7C97700C72C96 /* SwipeMenuBugDemoTests */,
				ABA4B27A1FD7C97700C72C96 /* SwipeMenuBugDemoUITests */,
			);
		};
/* End PBXProject section */

/* Begin PBXResourcesBuildPhase section */
		ABA4B25A1FD7C97700C72C96 /* Resources */ = {
			isa = PBXResourcesBuildPhase;
			buildActionMask = 2147483647;
			files = (
				ABA4B26A1FD7C97700C72C96 /* LaunchScreen.storyboard in Resources */,
				ABA4B2671FD7C97700C72C96 /* Assets.xcassets in Resources */,
				ABA4B2651FD7C97700C72C96 /* Main.storyboard in Resources */,
			);
			runOnlyForDeploymentPostprocessing = 0;
		};
		ABA4B26E1FD7C97700C72C96 /* Resources */ = {
			isa = PBXResourcesBuildPhase;
			buildActionMask = 2147483647;
			files = (
			);
			runOnlyForDeploymentPostprocessing = 0;
		};
		ABA4B2791FD7C97700C72C96 /* Resources */ = {
			isa = PBXResourcesBuildPhase;
			buildActionMask = 2147483647;
			files = (
			);
			runOnlyForDeploymentPostprocessing = 0;
		};
/* End PBXResourcesBuildPhase section */

/* Begin PBXSourcesBuildPhase section */
		ABA4B2581FD7C97700C72C96 /* Sources */ = {
			isa = PBXSourcesBuildPhase;
			buildActionMask = 2147483647;
			files = (
				ABA4B2621FD7C97700C72C96 /* ViewController.swift in Sources */,
				ABA4B2601FD7C97700C72C96 /* AppDelegate.swift in Sources */,
			);
			runOnlyForDeploymentPostprocessing = 0;
		};
		ABA4B26C1FD7C97700C72C96 /* Sources */ = {
			isa = PBXSourcesBuildPhase;
			buildActionMask = 2147483647;
			files = (
				ABA4B2751FD7C97700C72C96 /* SwipeMenuBugDemoTests.swift in Sources */,
			);
			runOnlyForDeploymentPostprocessing = 0;
		};
		ABA4B2771FD7C97700C72C96 /* Sources */ = {
			isa = PBXSourcesBuildPhase;
			buildActionMask = 2147483647;
			files = (
				ABA4B2801FD7C97700C72C96 /* SwipeMenuBugDemoUITests.swift in Sources */,
			);
			runOnlyForDeploymentPostprocessing = 0;
		};
/* End PBXSourcesBuildPhase section */

/* Begin PBXTargetDependency section */
		ABA4B2721FD7C97700C72C96 /* PBXTargetDependency */ = {
			isa = PBXTargetDependency;
			target = ABA4B25B1FD7C97700C72C96 /* SwipeMenuBugDemo */;
			targetProxy = ABA4B2711FD7C97700C72C96 /* PBXContainerItemProxy */;
		};
		ABA4B27D1FD7C97700C72C96 /* PBXTargetDependency */ = {
			isa = PBXTargetDependency;
			target = ABA4B25B1FD7C97700C72C96 /* SwipeMenuBugDemo */;
			targetProxy = ABA4B27C1FD7C97700C72C96 /* PBXContainerItemProxy */;
		};
/* End PBXTargetDependency section */

/* Begin PBXVariantGroup section */
		ABA4B2631FD7C97700C72C96 /* Main.storyboard */ = {
			isa = PBXVariantGroup;
			children = (
				ABA4B2641FD7C97700C72C96 /* Base */,
			);
			name = Main.storyboard;
			sourceTree = "<group>";
		};
		ABA4B2681FD7C97700C72C96 /* LaunchScreen.storyboard */ = {
			isa = PBXVariantGroup;
			children = (
				ABA4B2691FD7C97700C72C96 /* Base */,
			);
			name = LaunchScreen.storyboard;
			sourceTree = "<group>";
		};
/* End PBXVariantGroup section */

/* Begin XCBuildConfiguration section */
		ABA4B2821FD7C97700C72C96 /* Debug */ = {
			isa = XCBuildConfiguration;
			buildSettings = {
				ALWAYS_SEARCH_USER_PATHS = NO;
				CLANG_ANALYZER_NONNULL = YES;
				CLANG_ANALYZER_NUMBER_OBJECT_CONVERSION = YES_AGGRESSIVE;
				CLANG_CXX_LANGUAGE_STANDARD = "gnu++14";
				CLANG_CXX_LIBRARY = "libc++";
				CLANG_ENABLE_MODULES = YES;
				CLANG_ENABLE_OBJC_ARC = YES;
				CLANG_WARN_BLOCK_CAPTURE_AUTORELEASING = YES;
				CLANG_WARN_BOOL_CONVERSION = YES;
				CLANG_WARN_COMMA = YES;
				CLANG_WARN_CONSTANT_CONVERSION = YES;
				CLANG_WARN_DIRECT_OBJC_ISA_USAGE = YES_ERROR;
				CLANG_WARN_DOCUMENTATION_COMMENTS = YES;
				CLANG_WARN_EMPTY_BODY = YES;
				CLANG_WARN_ENUM_CONVERSION = YES;
				CLANG_WARN_INFINITE_RECURSION = YES;
				CLANG_WARN_INT_CONVERSION = YES;
				CLANG_WARN_NON_LITERAL_NULL_CONVERSION = YES;
				CLANG_WARN_OBJC_LITERAL_CONVERSION = YES;
				CLANG_WARN_OBJC_ROOT_CLASS = YES_ERROR;
				CLANG_WARN_RANGE_LOOP_ANALYSIS = YES;
				CLANG_WARN_STRICT_PROTOTYPES = YES;
				CLANG_WARN_SUSPICIOUS_MOVE = YES;
				CLANG_WARN_UNGUARDED_AVAILABILITY = YES_AGGRESSIVE;
				CLANG_WARN_UNREACHABLE_CODE = YES;
				CLANG_WARN__DUPLICATE_METHOD_MATCH = YES;
				CODE_SIGN_IDENTITY = "iPhone Developer";
				COPY_PHASE_STRIP = NO;
				DEBUG_INFORMATION_FORMAT = dwarf;
				ENABLE_STRICT_OBJC_MSGSEND = YES;
				ENABLE_TESTABILITY = YES;
				GCC_C_LANGUAGE_STANDARD = gnu11;
				GCC_DYNAMIC_NO_PIC = NO;
				GCC_NO_COMMON_BLOCKS = YES;
				GCC_OPTIMIZATION_LEVEL = 0;
				GCC_PREPROCESSOR_DEFINITIONS = (
					"DEBUG=1",
					"$(inherited)",
				);
				GCC_WARN_64_TO_32_BIT_CONVERSION = YES;
				GCC_WARN_ABOUT_RETURN_TYPE = YES_ERROR;
				GCC_WARN_UNDECLARED_SELECTOR = YES;
				GCC_WARN_UNINITIALIZED_AUTOS = YES_AGGRESSIVE;
				GCC_WARN_UNUSED_FUNCTION = YES;
				GCC_WARN_UNUSED_VARIABLE = YES;
				IPHONEOS_DEPLOYMENT_TARGET = 11.1;
				MTL_ENABLE_DEBUG_INFO = YES;
				ONLY_ACTIVE_ARCH = YES;
				SDKROOT = iphoneos;
				SWIFT_ACTIVE_COMPILATION_CONDITIONS = DEBUG;
				SWIFT_OPTIMIZATION_LEVEL = "-Onone";
			};
			name = Debug;
		};
		ABA4B2831FD7C97700C72C96 /* Release */ = {
			isa = XCBuildConfiguration;
			buildSettings = {
				ALWAYS_SEARCH_USER_PATHS = NO;
				CLANG_ANALYZER_NONNULL = YES;
				CLANG_ANALYZER_NUMBER_OBJECT_CONVERSION = YES_AGGRESSIVE;
				CLANG_CXX_LANGUAGE_STANDARD = "gnu++14";
				CLANG_CXX_LIBRARY = "libc++";
				CLANG_ENABLE_MODULES = YES;
				CLANG_ENABLE_OBJC_ARC = YES;
				CLANG_WARN_BLOCK_CAPTURE_AUTORELEASING = YES;
				CLANG_WARN_BOOL_CONVERSION = YES;
				CLANG_WARN_COMMA = YES;
				CLANG_WARN_CONSTANT_CONVERSION = YES;
				CLANG_WARN_DIRECT_OBJC_ISA_USAGE = YES_ERROR;
				CLANG_WARN_DOCUMENTATION_COMMENTS = YES;
				CLANG_WARN_EMPTY_BODY = YES;
				CLANG_WARN_ENUM_CONVERSION = YES;
				CLANG_WARN_INFINITE_RECURSION = YES;
				CLANG_WARN_INT_CONVERSION = YES;
				CLANG_WARN_NON_LITERAL_NULL_CONVERSION = YES;
				CLANG_WARN_OBJC_LITERAL_CONVERSION = YES;
				CLANG_WARN_OBJC_ROOT_CLASS = YES_ERROR;
				CLANG_WARN_RANGE_LOOP_ANALYSIS = YES;
				CLANG_WARN_STRICT_PROTOTYPES = YES;
				CLANG_WARN_SUSPICIOUS_MOVE = YES;
				CLANG_WARN_UNGUARDED_AVAILABILITY = YES_AGGRESSIVE;
				CLANG_WARN_UNREACHABLE_CODE = YES;
				CLANG_WARN__DUPLICATE_METHOD_MATCH = YES;
				CODE_SIGN_IDENTITY = "iPhone Developer";
				COPY_PHASE_STRIP = NO;
				DEBUG_INFORMATION_FORMAT = "dwarf-with-dsym";
				ENABLE_NS_ASSERTIONS = NO;
				ENABLE_STRICT_OBJC_MSGSEND = YES;
				GCC_C_LANGUAGE_STANDARD = gnu11;
				GCC_NO_COMMON_BLOCKS = YES;
				GCC_WARN_64_TO_32_BIT_CONVERSION = YES;
				GCC_WARN_ABOUT_RETURN_TYPE = YES_ERROR;
				GCC_WARN_UNDECLARED_SELECTOR = YES;
				GCC_WARN_UNINITIALIZED_AUTOS = YES_AGGRESSIVE;
				GCC_WARN_UNUSED_FUNCTION = YES;
				GCC_WARN_UNUSED_VARIABLE = YES;
				IPHONEOS_DEPLOYMENT_TARGET = 11.1;
				MTL_ENABLE_DEBUG_INFO = NO;
				SDKROOT = iphoneos;
				SWIFT_OPTIMIZATION_LEVEL = "-Owholemodule";
				VALIDATE_PRODUCT = YES;
			};
			name = Release;
		};
		ABA4B2851FD7C97700C72C96 /* Debug */ = {
			isa = XCBuildConfiguration;
			buildSettings = {
				ASSETCATALOG_COMPILER_APPICON_NAME = AppIcon;
				CODE_SIGN_STYLE = Automatic;
				DEVELOPMENT_TEAM = 2658J76W2S;
				INFOPLIST_FILE = SwipeMenuBugDemo/Info.plist;
				LD_RUNPATH_SEARCH_PATHS = "$(inherited) @executable_path/Frameworks";
				PRODUCT_BUNDLE_IDENTIFIER = com.varun.SwipeMenuBugDemo;
				PRODUCT_NAME = "$(TARGET_NAME)";
				SWIFT_VERSION = 4.0;
				TARGETED_DEVICE_FAMILY = "1,2";
			};
			name = Debug;
		};
		ABA4B2861FD7C97700C72C96 /* Release */ = {
			isa = XCBuildConfiguration;
			buildSettings = {
				ASSETCATALOG_COMPILER_APPICON_NAME = AppIcon;
				CODE_SIGN_STYLE = Automatic;
				DEVELOPMENT_TEAM = 2658J76W2S;
				INFOPLIST_FILE = SwipeMenuBugDemo/Info.plist;
				LD_RUNPATH_SEARCH_PATHS = "$(inherited) @executable_path/Frameworks";
				PRODUCT_BUNDLE_IDENTIFIER = com.varun.SwipeMenuBugDemo;
				PRODUCT_NAME = "$(TARGET_NAME)";
				SWIFT_VERSION = 4.0;
				TARGETED_DEVICE_FAMILY = "1,2";
			};
			name = Release;
		};
		ABA4B2881FD7C97700C72C96 /* Debug */ = {
			isa = XCBuildConfiguration;
			buildSettings = {
				ALWAYS_EMBED_SWIFT_STANDARD_LIBRARIES = YES;
				BUNDLE_LOADER = "$(TEST_HOST)";
				CODE_SIGN_STYLE = Automatic;
				DEVELOPMENT_TEAM = 2658J76W2S;
				INFOPLIST_FILE = SwipeMenuBugDemoTests/Info.plist;
				LD_RUNPATH_SEARCH_PATHS = "$(inherited) @executable_path/Frameworks @loader_path/Frameworks";
				PRODUCT_BUNDLE_IDENTIFIER = com.varun.SwipeMenuBugDemoTests;
				PRODUCT_NAME = "$(TARGET_NAME)";
				SWIFT_VERSION = 4.0;
				TARGETED_DEVICE_FAMILY = "1,2";
				TEST_HOST = "$(BUILT_PRODUCTS_DIR)/SwipeMenuBugDemo.app/SwipeMenuBugDemo";
			};
			name = Debug;
		};
		ABA4B2891FD7C97700C72C96 /* Release */ = {
			isa = XCBuildConfiguration;
			buildSettings = {
				ALWAYS_EMBED_SWIFT_STANDARD_LIBRARIES = YES;
				BUNDLE_LOADER = "$(TEST_HOST)";
				CODE_SIGN_STYLE = Automatic;
				DEVELOPMENT_TEAM = 2658J76W2S;
				INFOPLIST_FILE = SwipeMenuBugDemoTests/Info.plist;
				LD_RUNPATH_SEARCH_PATHS = "$(inherited) @executable_path/Frameworks @loader_path/Frameworks";
				PRODUCT_BUNDLE_IDENTIFIER = com.varun.SwipeMenuBugDemoTests;
				PRODUCT_NAME = "$(TARGET_NAME)";
				SWIFT_VERSION = 4.0;
				TARGETED_DEVICE_FAMILY = "1,2";
				TEST_HOST = "$(BUILT_PRODUCTS_DIR)/SwipeMenuBugDemo.app/SwipeMenuBugDemo";
			};
			name = Release;
		};
		ABA4B28B1FD7C97700C72C96 /* Debug */ = {
			isa = XCBuildConfiguration;
			buildSettings = {
				ALWAYS_EMBED_SWIFT_STANDARD_LIBRARIES = YES;
				CODE_SIGN_STYLE = Automatic;
				DEVELOPMENT_TEAM = 2658J76W2S;
				INFOPLIST_FILE = SwipeMenuBugDemoUITests/Info.plist;
				LD_RUNPATH_SEARCH_PATHS = "$(inherited) @executable_path/Frameworks @loader_path/Frameworks";
				PRODUCT_BUNDLE_IDENTIFIER = com.varun.SwipeMenuBugDemoUITests;
				PRODUCT_NAME = "$(TARGET_NAME)";
				SWIFT_VERSION = 4.0;
				TARGETED_DEVICE_FAMILY = "1,2";
				TEST_TARGET_NAME = SwipeMenuBugDemo;
			};
			name = Debug;
		};
		ABA4B28C1FD7C97700C72C96 /* Release */ = {
			isa = XCBuildConfiguration;
			buildSettings = {
				ALWAYS_EMBED_SWIFT_STANDARD_LIBRARIES = YES;
				CODE_SIGN_STYLE = Automatic;
				DEVELOPMENT_TEAM = 2658J76W2S;
				INFOPLIST_FILE = SwipeMenuBugDemoUITests/Info.plist;
				LD_RUNPATH_SEARCH_PATHS = "$(inherited) @executable_path/Frameworks @loader_path/Frameworks";
				PRODUCT_BUNDLE_IDENTIFIER = com.varun.SwipeMenuBugDemoUITests;
				PRODUCT_NAME = "$(TARGET_NAME)";
				SWIFT_VERSION = 4.0;
				TARGETED_DEVICE_FAMILY = "1,2";
				TEST_TARGET_NAME = SwipeMenuBugDemo;
			};
			name = Release;
		};
/* End XCBuildConfiguration section */

/* Begin XCConfigurationList section */
		ABA4B2571FD7C97700C72C96 /* Build configuration list for PBXProject "SwipeMenuBugDemo" */ = {
			isa = XCConfigurationList;
			buildConfigurations = (
				ABA4B2821FD7C97700C72C96 /* Debug */,
				ABA4B2831FD7C97700C72C96 /* Release */,
			);
			defaultConfigurationIsVisible = 0;
			defaultConfigurationName = Release;
		};
		ABA4B2841FD7C97700C72C96 /* Build configuration list for PBXNativeTarget "SwipeMenuBugDemo" */ = {
			isa = XCConfigurationList;
			buildConfigurations = (
				ABA4B2851FD7C97700C72C96 /* Debug */,
				ABA4B2861FD7C97700C72C96 /* Release */,
			);
			defaultConfigurationIsVisible = 0;
			defaultConfigurationName = Release;
		};
		ABA4B2871FD7C97700C72C96 /* Build configuration list for PBXNativeTarget "SwipeMenuBugDemoTests" */ = {
			isa = XCConfigurationList;
			buildConfigurations = (
				ABA4B2881FD7C97700C72C96 /* Debug */,
				ABA4B2891FD7C97700C72C96 /* Release */,
			);
			defaultConfigurationIsVisible = 0;
			defaultConfigurationName = Release;
		};
		ABA4B28A1FD7C97700C72C96 /* Build configuration list for PBXNativeTarget "SwipeMenuBugDemoUITests" */ = {
			isa = XCConfigurationList;
			buildConfigurations = (
				ABA4B28B1FD7C97700C72C96 /* Debug */,
				ABA4B28C1FD7C97700C72C96 /* Release */,
			);
			defaultConfigurationIsVisible = 0;
			defaultConfigurationName = Release;
		};
/* End XCConfigurationList section */
	};
	rootObject = ABA4B2541FD7C97700C72C96 /* Project object */;
}
